<?xml version="1.0" encoding="utf-8"?>
<Project ToolsVersion="4.0" xmlns="http://schemas.microsoft.com/developer/msbuild/2003">
  <ItemGroup>
    <Filter Include="Engine">
      <UniqueIdentifier>{a83b7c34-a22b-4e5e-8f7f-2f76bb561b36}</UniqueIdentifier>
    </Filter>
    <Filter Include="Engine\DX12">
      <UniqueIdentifier>{0db50ac1-b0a8-4d6b-95e7-9c579b47c06c}</UniqueIdentifier>
    </Filter>
    <Filter Include="Engine\Math">
      <UniqueIdentifier>{a69bc711-297e-4efe-9420-0740e923aa22}</UniqueIdentifier>
    </Filter>
    <Filter Include="TitleScene">
      <UniqueIdentifier>{b7484c34-30cf-4d53-8c93-0ad77a4722a2}</UniqueIdentifier>
    </Filter>
    <Filter Include="TitleScene\TitleScene">
      <UniqueIdentifier>{d00c6a6d-050b-4ecd-9a70-aa8091efa5e0}</UniqueIdentifier>
    </Filter>
    <Filter Include="TitleScene\TitleUIScreen">
      <UniqueIdentifier>{c92a5600-1b89-4dfa-a508-ffb81a2b0b77}</UniqueIdentifier>
    </Filter>
    <Filter Include="MainScene">
      <UniqueIdentifier>{51a0e4e1-2227-437b-9958-0e6cabb1a780}</UniqueIdentifier>
    </Filter>
    <Filter Include="MainScene\MainScene">
      <UniqueIdentifier>{c73684a9-3c80-4173-9652-f989fcf3de3f}</UniqueIdentifier>
    </Filter>
    <Filter Include="MainScene\MainSceneBaseLayer">
      <UniqueIdentifier>{77a5e622-f244-441a-a38e-2e2ef80d6849}</UniqueIdentifier>
    </Filter>
    <Filter Include="Helper">
      <UniqueIdentifier>{79a135d6-f49b-4a7b-9cd7-ab8a494261b3}</UniqueIdentifier>
    </Filter>
    <Filter Include="Helper\HTextureDraw">
      <UniqueIdentifier>{40210d86-4baa-484e-98f8-98a793727b31}</UniqueIdentifier>
    </Filter>
    <Filter Include="Helper\HDrawLineFrame">
      <UniqueIdentifier>{a1e43c4f-96fe-49c0-b138-6ca6ede8e688}</UniqueIdentifier>
    </Filter>
    <Filter Include="Helper\HTextureAlphaRotateDraw">
      <UniqueIdentifier>{23d15d32-8b94-453c-bcee-036772bbaa80}</UniqueIdentifier>
    </Filter>
    <Filter Include="MainScene\MainSceneUIScreen">
      <UniqueIdentifier>{dfb53f11-bea0-4e83-9d87-83c7cb5b6809}</UniqueIdentifier>
    </Filter>
    <Filter Include="MainScene\MyselfMediatorComponent">
      <UniqueIdentifier>{255faa76-3831-4638-ab09-889acfa3fa8b}</UniqueIdentifier>
    </Filter>
    <Filter Include="MainScene\MainSceneBaseLayer\MainSceneBasicLayer">
      <UniqueIdentifier>{d72ee825-47d4-4220-9acf-cc7c6264d75d}</UniqueIdentifier>
    </Filter>
    <Filter Include="MainScene\MainSceneDrawComponent">
      <UniqueIdentifier>{d42c5b5a-a76d-4aeb-a6d6-7cc564cf0041}</UniqueIdentifier>
    </Filter>
    <Filter Include="MainScene\MainSceneDrawComponent\DrawNormalBulletComponent">
      <UniqueIdentifier>{6757a606-d03f-4dd8-8b91-85564bdee6e1}</UniqueIdentifier>
    </Filter>
    <Filter Include="MainScene\MainSceneDrawComponent\DrawTextureComponent">
      <UniqueIdentifier>{dd14e352-9c7e-4549-b141-b55ca47562a8}</UniqueIdentifier>
    </Filter>
    <Filter Include="MainScene\LinearMoveComponent">
      <UniqueIdentifier>{6c6e3c23-888d-42a7-9983-e941dedd998c}</UniqueIdentifier>
    </Filter>
    <Filter Include="MainScene\CollisionManager">
      <UniqueIdentifier>{2b1a1f60-bd3e-4526-8079-8660d20a3cb4}</UniqueIdentifier>
    </Filter>
    <Filter Include="MainScene\CollisionComponent">
      <UniqueIdentifier>{f50efe72-71cc-47c8-b922-b9351d8ffcd7}</UniqueIdentifier>
    </Filter>
    <Filter Include="MainScene\ICollisionGeometry">
      <UniqueIdentifier>{980d7cdc-dd77-4cb1-80bd-886c3ae6c5d3}</UniqueIdentifier>
    </Filter>
    <Filter Include="MainScene\ICollisionGeometry\CircleGeometry">
      <UniqueIdentifier>{519fe704-e855-4ccf-9c39-450cf9d87d67}</UniqueIdentifier>
    </Filter>
    <Filter Include="MainScene\MyselfAddNormalBulletComponent">
      <UniqueIdentifier>{1b0d6389-e5d3-487e-9c27-8fcb6317f41a}</UniqueIdentifier>
    </Filter>
    <Filter Include="MainScene\CollisionComponent\MyselfCollisionComponent">
      <UniqueIdentifier>{8d4a2bcc-41a3-4945-bcaf-e3a91f6697ab}</UniqueIdentifier>
    </Filter>
    <Filter Include="Helper\HNumberDraw">
      <UniqueIdentifier>{5aafbd12-8ca9-405b-ab16-c35530c6d481}</UniqueIdentifier>
    </Filter>
    <Filter Include="MainScene\LinearRotateComponent">
      <UniqueIdentifier>{77147f20-87a8-4304-b4ff-b3717aacd559}</UniqueIdentifier>
    </Filter>
    <Filter Include="MainScene\CollisionComponent\Enemy1CollisionComponent">
      <UniqueIdentifier>{0e409ff0-f1f1-4a67-8194-ae0e2efba72b}</UniqueIdentifier>
    </Filter>
    <Filter Include="MainScene\EnemyHealthComponent">
      <UniqueIdentifier>{e168a6cc-f142-4383-9573-920e2b2fd08d}</UniqueIdentifier>
    </Filter>
    <Filter Include="MainScene\MainSceneDrawComponent\DrawDeathEffectComponent">
      <UniqueIdentifier>{72d61745-d3e2-4062-a710-d545b38eda8b}</UniqueIdentifier>
    </Filter>
    <Filter Include="MainScene\LayerManager">
      <UniqueIdentifier>{57b17c4a-3ae0-4af6-895d-63badbf30272}</UniqueIdentifier>
    </Filter>
    <Filter Include="MainScene\ScoreManager">
      <UniqueIdentifier>{2be2d8f4-4f2f-4e2b-975c-bd9e2f5952ba}</UniqueIdentifier>
    </Filter>
    <Filter Include="MainScene\EnemyWaveManager">
      <UniqueIdentifier>{cf2ef5b2-84d5-43a9-bedb-54c996de4704}</UniqueIdentifier>
    </Filter>
    <Filter Include="MainScene\EnemyWaveBase">
      <UniqueIdentifier>{b63a714d-1efc-4b60-b92a-0c1cd7863ffa}</UniqueIdentifier>
    </Filter>
    <Filter Include="MainScene\EnemyWaveBase\EnemyWave1">
      <UniqueIdentifier>{5e9df286-bbe7-4778-8806-93f483fa455f}</UniqueIdentifier>
    </Filter>
    <Filter Include="MainScene\Enemy1MoveComponent">
      <UniqueIdentifier>{523a6666-e795-442e-ac16-f3b324907507}</UniqueIdentifier>
    </Filter>
    <Filter Include="MainScene\MyselfAngleComponent">
      <UniqueIdentifier>{8ee26f0c-e3f1-420e-8f20-b27bb66a8a45}</UniqueIdentifier>
    </Filter>
    <Filter Include="MainScene\MyselfConditionBase">
      <UniqueIdentifier>{0cdddcbe-e252-48a8-bc42-826e3f53f62b}</UniqueIdentifier>
    </Filter>
    <Filter Include="MainScene\MyselfConditionBase\MyselfRevivingPosState">
      <UniqueIdentifier>{1dc461a5-fbd3-4106-9604-8452cd072e9b}</UniqueIdentifier>
    </Filter>
    <Filter Include="MainScene\MyselfConditionBase\MyselfNormalCondition">
      <UniqueIdentifier>{d090818c-f99d-4025-8316-dd8ad27b5e74}</UniqueIdentifier>
    </Filter>
    <Filter Include="MainScene\EnemyWaveBase\EnemyWave2">
      <UniqueIdentifier>{cb1ddebc-3319-4714-8350-ad007959f625}</UniqueIdentifier>
    </Filter>
    <Filter Include="MainScene\Enemy3MoveComponent">
      <UniqueIdentifier>{2bc9285b-7887-45ce-a066-38f7ede54b41}</UniqueIdentifier>
    </Filter>
    <Filter Include="MainScene\EnemyWaveBase\EnemyWave3">
      <UniqueIdentifier>{37875d69-45f9-4369-9201-3e17cb4d562a}</UniqueIdentifier>
    </Filter>
    <Filter Include="MainScene\CollisionComponent\Enemy3CollisionComponent">
      <UniqueIdentifier>{9f55002a-00c5-4326-a241-5d4e0e4cced9}</UniqueIdentifier>
    </Filter>
    <Filter Include="MainScene\CollisionComponent\MyBulletCollisionComponent">
      <UniqueIdentifier>{e47263de-357c-4f8e-9782-dc6dee019436}</UniqueIdentifier>
    </Filter>
    <Filter Include="MainScene\NormalShootComponent">
      <UniqueIdentifier>{b2d3fccb-e8f2-4818-bcf7-0d784cf1c4c9}</UniqueIdentifier>
    </Filter>
    <Filter Include="MainScene\CollisionComponent\NormalBulletCollisionComponent">
      <UniqueIdentifier>{f1996106-cf08-4189-a371-b6f5d7f8980b}</UniqueIdentifier>
    </Filter>
    <Filter Include="MainScene\MainSceneDrawComponent\DrawHealthBarComponent">
      <UniqueIdentifier>{6acba187-d05d-4e45-8951-46d1d8e70e58}</UniqueIdentifier>
    </Filter>
    <Filter Include="MainScene\Enemy5MoveComponent">
      <UniqueIdentifier>{17ca9ca7-1a6c-4543-8bc2-1e5eb28a9e81}</UniqueIdentifier>
    </Filter>
    <Filter Include="MainScene\Enemy5ShootComponent">
      <UniqueIdentifier>{d8ae5571-9213-4b48-9c2b-c7b84b3e03a3}</UniqueIdentifier>
    </Filter>
    <Filter Include="MainScene\EnemyWaveBase\EnemyWave45">
      <UniqueIdentifier>{87f48547-81aa-4f14-9070-b8ce6673cf47}</UniqueIdentifier>
    </Filter>
    <Filter Include="MainScene\MainSceneDrawComponent\DrawAnimationComponent">
      <UniqueIdentifier>{a80406c6-6613-4c99-9c70-e0ac3d6dcaad}</UniqueIdentifier>
    </Filter>
    <Filter Include="MainScene\MainSceneDrawComponent\DrawLazerComponent">
      <UniqueIdentifier>{e3c1af76-c324-4dfb-a819-7733bd68d9e5}</UniqueIdentifier>
    </Filter>
    <Filter Include="MainScene\ICollisionGeometry\PolygonGeometry">
      <UniqueIdentifier>{01fd345e-6d97-4fce-b038-91470e1852e6}</UniqueIdentifier>
    </Filter>
    <Filter Include="MainScene\CollisionComponent\Enemy4BehaviorComponent">
      <UniqueIdentifier>{5a97a715-382d-4e0a-8690-a91704dd63c2}</UniqueIdentifier>
    </Filter>
    <Filter Include="MainScene\ICollisionGeometry\CupsuleGeometry">
      <UniqueIdentifier>{62c6cb4a-6dfa-48ca-8cab-cc1e82f8af91}</UniqueIdentifier>
    </Filter>
    <Filter Include="MainScene\CollisionComponent\LazerCollisionComponent">
      <UniqueIdentifier>{a3552b47-6f3a-409d-b05c-dcff9f63f834}</UniqueIdentifier>
    </Filter>
    <Filter Include="MainScene\PauseUIScreen">
      <UniqueIdentifier>{a8739d27-075a-4007-80c7-cb52a0b60e5c}</UniqueIdentifier>
    </Filter>
    <Filter Include="Helper\HUIButton">
      <UniqueIdentifier>{dae66620-0e4d-4998-9a3b-1faa9d8bdab5}</UniqueIdentifier>
    </Filter>
    <Filter Include="Helper\HBetapaint">
      <UniqueIdentifier>{c6e86603-9580-472c-acc0-700cc0fc62fe}</UniqueIdentifier>
    </Filter>
    <Filter Include="MainScene\TransGradUIScreen">
      <UniqueIdentifier>{acb4fedb-904c-4cae-bb08-38f009c1c8ef}</UniqueIdentifier>
    </Filter>
    <Filter Include="MainScene\MainSceneDrawComponent\DrawBoss1Component">
      <UniqueIdentifier>{bfb6d9ba-5edd-4951-9836-828d48dd820d}</UniqueIdentifier>
    </Filter>
    <Filter Include="MainScene\Boss1MediatorComponent">
      <UniqueIdentifier>{c7a65786-3b11-4400-afdc-a10755b13030}</UniqueIdentifier>
    </Filter>
    <Filter Include="MainScene\Boss1StateBase">
      <UniqueIdentifier>{89dd4ba0-eb6c-42b2-9135-56bbab54f6ad}</UniqueIdentifier>
    </Filter>
    <Filter Include="MainScene\Boss1StateBase\Boss1StateEntering">
      <UniqueIdentifier>{31bc2567-116d-4126-91fa-0473fa5ba0a3}</UniqueIdentifier>
    </Filter>
    <Filter Include="MainScene\EnemyWaveBase\EnemyWaveBoss1">
      <UniqueIdentifier>{ca09e353-a6a4-4180-8a2d-fe2bab47bc79}</UniqueIdentifier>
    </Filter>
  </ItemGroup>
  <ItemGroup>
    <ClCompile Include="main.cpp" />
    <ClCompile Include="stdafx.cpp" />
    <ClCompile Include="UIScreen.cpp">
      <Filter>Engine</Filter>
    </ClCompile>
    <ClCompile Include="InputSystem.cpp">
      <Filter>Engine</Filter>
    </ClCompile>
    <ClCompile Include="Scene.cpp">
      <Filter>Engine</Filter>
    </ClCompile>
    <ClCompile Include="GameObjectHandle.cpp">
      <Filter>Engine</Filter>
    </ClCompile>
    <ClCompile Include="Log.cpp">
      <Filter>Engine</Filter>
    </ClCompile>
    <ClCompile Include="TextureManager.cpp">
      <Filter>Engine</Filter>
    </ClCompile>
    <ClCompile Include="window.cpp">
      <Filter>Engine</Filter>
    </ClCompile>
    <ClCompile Include="Component.cpp">
      <Filter>Engine</Filter>
    </ClCompile>
    <ClCompile Include="ShaderManager.cpp">
      <Filter>Engine</Filter>
    </ClCompile>
    <ClCompile Include="GameObject.cpp">
      <Filter>Engine</Filter>
    </ClCompile>
    <ClCompile Include="Game.cpp">
      <Filter>Engine</Filter>
    </ClCompile>
    <ClCompile Include="Layer.cpp">
      <Filter>Engine</Filter>
    </ClCompile>
    <ClCompile Include="DX12.cpp">
      <Filter>Engine\DX12</Filter>
    </ClCompile>
    <ClCompile Include="DX12CmdList.cpp">
      <Filter>Engine\DX12</Filter>
    </ClCompile>
    <ClCompile Include="DX12DescriptorHeap.cpp">
      <Filter>Engine\DX12</Filter>
    </ClCompile>
    <ClCompile Include="DX12GraphicsPipeline.cpp">
      <Filter>Engine\DX12</Filter>
    </ClCompile>
    <ClCompile Include="DX12Pimple.cpp">
      <Filter>Engine\DX12</Filter>
    </ClCompile>
    <ClCompile Include="DX12Resource.cpp">
      <Filter>Engine\DX12</Filter>
    </ClCompile>
    <ClCompile Include="DX12RootSignature.cpp">
      <Filter>Engine\DX12</Filter>
    </ClCompile>
    <ClCompile Include="DX12ShaderObject.cpp">
      <Filter>Engine\DX12</Filter>
    </ClCompile>
    <ClCompile Include="DX12SwapChain.cpp">
      <Filter>Engine\DX12</Filter>
    </ClCompile>
    <ClCompile Include="MatVec.cpp">
      <Filter>Engine\Math</Filter>
    </ClCompile>
    <ClCompile Include="Rect2.cpp">
      <Filter>Engine\Math</Filter>
    </ClCompile>
    <ClCompile Include="HTextureDraw.cpp">
      <Filter>Helper\HTextureDraw</Filter>
    </ClCompile>
    <ClCompile Include="HDrawLineFrame.cpp">
      <Filter>Helper\HDrawLineFrame</Filter>
    </ClCompile>
    <ClCompile Include="TitleScene.cpp">
      <Filter>TitleScene\TitleScene</Filter>
    </ClCompile>
    <ClCompile Include="TitleUIScreen.cpp">
      <Filter>TitleScene\TitleUIScreen</Filter>
    </ClCompile>
    <ClCompile Include="MainScene.cpp">
      <Filter>MainScene\MainScene</Filter>
    </ClCompile>
    <ClCompile Include="MainSceneBaseLayer.cpp">
      <Filter>MainScene\MainSceneBaseLayer</Filter>
    </ClCompile>
    <ClCompile Include="MainSceneBasicLayer.cpp">
      <Filter>MainScene\MainSceneBaseLayer\MainSceneBasicLayer</Filter>
    </ClCompile>
    <ClCompile Include="MainSceneDrawComponent.cpp">
      <Filter>MainScene\MainSceneDrawComponent</Filter>
    </ClCompile>
    <ClCompile Include="HTextureAlphaRotateDraw.cpp">
      <Filter>Helper\HTextureAlphaRotateDraw</Filter>
    </ClCompile>
    <ClCompile Include="DrawTextureComponent.cpp">
      <Filter>MainScene\MainSceneDrawComponent\DrawTextureComponent</Filter>
    </ClCompile>
    <ClCompile Include="MainSceneUIScreen.cpp">
      <Filter>MainScene\MainSceneUIScreen</Filter>
    </ClCompile>
    <ClCompile Include="MyselfMediatorComponent.cpp">
      <Filter>MainScene\MyselfMediatorComponent</Filter>
    </ClCompile>
    <ClCompile Include="DrawNormalBulletComponent.cpp">
      <Filter>MainScene\MainSceneDrawComponent\DrawNormalBulletComponent</Filter>
    </ClCompile>
    <ClCompile Include="LinearMoveComponent.cpp">
      <Filter>MainScene\LinearMoveComponent</Filter>
    </ClCompile>
    <ClCompile Include="CollisionManager.cpp">
      <Filter>MainScene\CollisionManager</Filter>
    </ClCompile>
    <ClCompile Include="CollisionComponent.cpp">
      <Filter>MainScene\CollisionComponent</Filter>
    </ClCompile>
    <ClCompile Include="CircleGeometry.cpp">
      <Filter>MainScene\ICollisionGeometry\CircleGeometry</Filter>
    </ClCompile>
    <ClCompile Include="MyselfAddNormalBulletComponent.cpp">
      <Filter>MainScene\MyselfAddNormalBulletComponent</Filter>
    </ClCompile>
    <ClCompile Include="MyselfCollisionComponent.cpp">
      <Filter>MainScene\CollisionComponent\MyselfCollisionComponent</Filter>
    </ClCompile>
    <ClCompile Include="HNumberDraw.cpp">
      <Filter>Helper\HNumberDraw</Filter>
    </ClCompile>
    <ClCompile Include="LinearRotateComponent.cpp">
      <Filter>MainScene\LinearRotateComponent</Filter>
    </ClCompile>
    <ClCompile Include="Enemy1CollisionComponent.cpp">
      <Filter>MainScene\CollisionComponent\Enemy1CollisionComponent</Filter>
    </ClCompile>
    <ClCompile Include="EnemyHealthComponent.cpp">
      <Filter>MainScene\EnemyHealthComponent</Filter>
    </ClCompile>
    <ClCompile Include="DrawDeathEffectComponent.cpp">
      <Filter>MainScene\MainSceneDrawComponent\DrawDeathEffectComponent</Filter>
    </ClCompile>
    <ClCompile Include="Matrix4x4.cpp">
      <Filter>Engine\Math</Filter>
    </ClCompile>
    <ClCompile Include="Vector2.cpp">
      <Filter>Engine\Math</Filter>
    </ClCompile>
    <ClCompile Include="Vector3.cpp">
      <Filter>Engine\Math</Filter>
    </ClCompile>
    <ClCompile Include="Vector4.cpp">
      <Filter>Engine\Math</Filter>
    </ClCompile>
    <ClCompile Include="LayerManager.cpp">
      <Filter>MainScene\LayerManager</Filter>
    </ClCompile>
    <ClCompile Include="ScoreManager.cpp">
      <Filter>MainScene\ScoreManager</Filter>
    </ClCompile>
    <ClCompile Include="EnemyWaveManager.cpp">
      <Filter>MainScene\EnemyWaveManager</Filter>
    </ClCompile>
    <ClCompile Include="EnemyWaveBase.cpp">
      <Filter>MainScene\EnemyWaveBase</Filter>
    </ClCompile>
    <ClCompile Include="EnemyWave1.cpp">
      <Filter>MainScene\EnemyWaveBase\EnemyWave1</Filter>
    </ClCompile>
    <ClCompile Include="Enemy1MoveComponent.cpp">
      <Filter>MainScene\Enemy1MoveComponent</Filter>
    </ClCompile>
    <ClCompile Include="MyselfAngleComponent.cpp">
      <Filter>MainScene\MyselfAngleComponent</Filter>
    </ClCompile>
    <ClCompile Include="MyselfConditionBase.cpp">
      <Filter>MainScene\MyselfConditionBase</Filter>
    </ClCompile>
    <ClCompile Include="MyselfNormalCondition.cpp">
      <Filter>MainScene\MyselfConditionBase\MyselfNormalCondition</Filter>
    </ClCompile>
    <ClCompile Include="MyselfRevivingCondition.cpp">
      <Filter>MainScene\MyselfConditionBase\MyselfRevivingPosState</Filter>
    </ClCompile>
    <ClCompile Include="EnemyWave2.cpp">
      <Filter>MainScene\EnemyWaveBase\EnemyWave2</Filter>
    </ClCompile>
    <ClCompile Include="Enemy3MoveComponent.cpp">
      <Filter>MainScene\Enemy3MoveComponent</Filter>
    </ClCompile>
    <ClCompile Include="EnemyWave3.cpp">
      <Filter>MainScene\EnemyWaveBase\EnemyWave3</Filter>
    </ClCompile>
    <ClCompile Include="Enemy3CollisionComponent.cpp">
      <Filter>MainScene\CollisionComponent\Enemy3CollisionComponent</Filter>
    </ClCompile>
    <ClCompile Include="MyBulletCollisionComponent.cpp">
      <Filter>MainScene\CollisionComponent\MyBulletCollisionComponent</Filter>
    </ClCompile>
    <ClCompile Include="NormalShootComponent.cpp">
      <Filter>MainScene\NormalShootComponent</Filter>
    </ClCompile>
    <ClCompile Include="NormalBulletCollisionComponent.cpp">
      <Filter>MainScene\CollisionComponent\NormalBulletCollisionComponent</Filter>
    </ClCompile>
    <ClCompile Include="DrawHealthBarComponent.cpp">
      <Filter>MainScene\MainSceneDrawComponent\DrawHealthBarComponent</Filter>
    </ClCompile>
    <ClCompile Include="Enemy5MoveComponent.cpp">
      <Filter>MainScene\Enemy5MoveComponent</Filter>
    </ClCompile>
    <ClCompile Include="Enemy5ShootComponent.cpp">
      <Filter>MainScene\Enemy5ShootComponent</Filter>
    </ClCompile>
    <ClCompile Include="EnemyWave45.cpp">
      <Filter>MainScene\EnemyWaveBase\EnemyWave45</Filter>
    </ClCompile>
    <ClCompile Include="DrawAnimationComponent.cpp">
      <Filter>MainScene\MainSceneDrawComponent\DrawAnimationComponent</Filter>
    </ClCompile>
    <ClCompile Include="Enemy4BehaviorComponent.cpp">
      <Filter>MainScene\CollisionComponent\Enemy4BehaviorComponent</Filter>
    </ClCompile>
    <ClCompile Include="DrawLazerComponent.cpp">
      <Filter>MainScene\MainSceneDrawComponent\DrawLazerComponent</Filter>
    </ClCompile>
    <ClCompile Include="PolygonGeometry.cpp">
      <Filter>MainScene\ICollisionGeometry\PolygonGeometry</Filter>
    </ClCompile>
    <ClCompile Include="CupsuleGeometry.cpp">
      <Filter>MainScene\ICollisionGeometry\CupsuleGeometry</Filter>
    </ClCompile>
    <ClCompile Include="LazerCollisionComponent.cpp">
      <Filter>MainScene\CollisionComponent\LazerCollisionComponent</Filter>
    </ClCompile>
    <ClCompile Include="HUIButton.cpp">
      <Filter>Helper\HUIButton</Filter>
    </ClCompile>
    <ClCompile Include="PauseUIScreen.cpp">
      <Filter>MainScene\PauseUIScreen</Filter>
    </ClCompile>
    <ClCompile Include="HBetapaint.cpp">
      <Filter>Helper\HBetapaint</Filter>
    </ClCompile>
    <ClCompile Include="TransGradUIScreen.cpp">
      <Filter>MainScene\TransGradUIScreen</Filter>
    </ClCompile>
    <ClCompile Include="DrawBoss1Component.cpp">
      <Filter>MainScene\MainSceneDrawComponent\DrawBoss1Component</Filter>
    </ClCompile>
    <ClCompile Include="Boss1MediatorComponent.cpp">
      <Filter>MainScene\Boss1MediatorComponent</Filter>
    </ClCompile>
    <ClCompile Include="Boss1StateBase.cpp">
      <Filter>MainScene\Boss1StateBase</Filter>
    </ClCompile>
    <ClCompile Include="Boss1StateEntering.cpp">
      <Filter>MainScene\Boss1StateBase\Boss1StateEntering</Filter>
    </ClCompile>
    <ClCompile Include="EnemyWaveBoss1.cpp">
      <Filter>MainScene\EnemyWaveBase\EnemyWaveBoss1</Filter>
    </ClCompile>
  </ItemGroup>
  <ItemGroup>
    <ClInclude Include="stdafx.h" />
    <ClInclude Include="InputSystem.h">
      <Filter>Engine</Filter>
    </ClInclude>
    <ClInclude Include="UIScreen.h">
      <Filter>Engine</Filter>
    </ClInclude>
    <ClInclude Include="Scene.h">
      <Filter>Engine</Filter>
    </ClInclude>
    <ClInclude Include="window.h">
      <Filter>Engine</Filter>
    </ClInclude>
    <ClInclude Include="GameObjectHandle.h">
      <Filter>Engine</Filter>
    </ClInclude>
    <ClInclude Include="TextureManager.h">
      <Filter>Engine</Filter>
    </ClInclude>
    <ClInclude Include="Log.h">
      <Filter>Engine</Filter>
    </ClInclude>
    <ClInclude Include="Component.h">
      <Filter>Engine</Filter>
    </ClInclude>
    <ClInclude Include="ComponentHandle.h">
      <Filter>Engine</Filter>
    </ClInclude>
    <ClInclude Include="Layer.h">
      <Filter>Engine</Filter>
    </ClInclude>
    <ClInclude Include="LayerHandle.h">
      <Filter>Engine</Filter>
    </ClInclude>
    <ClInclude Include="ShaderManager.h">
      <Filter>Engine</Filter>
    </ClInclude>
    <ClInclude Include="GameObject.h">
      <Filter>Engine</Filter>
    </ClInclude>
    <ClInclude Include="Game.h">
      <Filter>Engine</Filter>
    </ClInclude>
    <ClInclude Include="DX12.h">
      <Filter>Engine\DX12</Filter>
    </ClInclude>
    <ClInclude Include="DX12CommonInclude.h">
      <Filter>Engine\DX12</Filter>
    </ClInclude>
    <ClInclude Include="DX12ConfigEnums.h">
      <Filter>Engine\DX12</Filter>
    </ClInclude>
    <ClInclude Include="DX12DescriptorHeap.h">
      <Filter>Engine\DX12</Filter>
    </ClInclude>
    <ClInclude Include="DX12GraphicsPipeline.h">
      <Filter>Engine\DX12</Filter>
    </ClInclude>
    <ClInclude Include="DX12Pimple.h">
      <Filter>Engine\DX12</Filter>
    </ClInclude>
    <ClInclude Include="DX12Resource.h">
      <Filter>Engine\DX12</Filter>
    </ClInclude>
    <ClInclude Include="DX12RootParameter.h">
      <Filter>Engine\DX12</Filter>
    </ClInclude>
    <ClInclude Include="DX12RootSignature.h">
      <Filter>Engine\DX12</Filter>
    </ClInclude>
    <ClInclude Include="DX12ShaderObject.h">
      <Filter>Engine\DX12</Filter>
    </ClInclude>
    <ClInclude Include="DX12SwapChain.h">
      <Filter>Engine\DX12</Filter>
    </ClInclude>
    <ClInclude Include="DX12VertexLayoutUnit.h">
      <Filter>Engine\DX12</Filter>
    </ClInclude>
    <ClInclude Include="MatVec.h">
      <Filter>Engine\Math</Filter>
    </ClInclude>
    <ClInclude Include="Rect2.h">
      <Filter>Engine\Math</Filter>
    </ClInclude>
    <ClInclude Include="HTextureDraw.h">
      <Filter>Helper\HTextureDraw</Filter>
    </ClInclude>
    <ClInclude Include="HDrawLineFrame.h">
      <Filter>Helper\HDrawLineFrame</Filter>
    </ClInclude>
    <ClInclude Include="TitleScene.h">
      <Filter>TitleScene\TitleScene</Filter>
    </ClInclude>
    <ClInclude Include="TitleUIScreen.h">
      <Filter>TitleScene\TitleUIScreen</Filter>
    </ClInclude>
    <ClInclude Include="MainScene.h">
      <Filter>MainScene\MainScene</Filter>
    </ClInclude>
    <ClInclude Include="MainSceneBaseLayer.h">
      <Filter>MainScene\MainSceneBaseLayer</Filter>
    </ClInclude>
    <ClInclude Include="MainSceneBasicLayer.h">
      <Filter>MainScene\MainSceneBaseLayer\MainSceneBasicLayer</Filter>
    </ClInclude>
    <ClInclude Include="MainSceneDrawComponent.h">
      <Filter>MainScene\MainSceneDrawComponent</Filter>
    </ClInclude>
    <ClInclude Include="HTextureAlphaRotateDraw.h">
      <Filter>Helper\HTextureAlphaRotateDraw</Filter>
    </ClInclude>
    <ClInclude Include="DrawTextureComponent.h">
      <Filter>MainScene\MainSceneDrawComponent\DrawTextureComponent</Filter>
    </ClInclude>
    <ClInclude Include="MainSceneUIScreen.h">
      <Filter>MainScene\MainSceneUIScreen</Filter>
    </ClInclude>
    <ClInclude Include="MyselfMediatorComponent.h">
      <Filter>MainScene\MyselfMediatorComponent</Filter>
    </ClInclude>
    <ClInclude Include="DrawNormalBulletComponent.h">
      <Filter>MainScene\MainSceneDrawComponent\DrawNormalBulletComponent</Filter>
    </ClInclude>
    <ClInclude Include="LinearMoveComponent.h">
      <Filter>MainScene\LinearMoveComponent</Filter>
    </ClInclude>
    <ClInclude Include="CollisionManager.h">
      <Filter>MainScene\CollisionManager</Filter>
    </ClInclude>
    <ClInclude Include="CollisionComponent.h">
      <Filter>MainScene\CollisionComponent</Filter>
    </ClInclude>
    <ClInclude Include="ICollisionGeometry.h">
      <Filter>MainScene\ICollisionGeometry</Filter>
    </ClInclude>
    <ClInclude Include="CircleGeometry.h">
      <Filter>MainScene\ICollisionGeometry\CircleGeometry</Filter>
    </ClInclude>
    <ClInclude Include="MyselfAddNormalBulletComponent.h">
      <Filter>MainScene\MyselfAddNormalBulletComponent</Filter>
    </ClInclude>
    <ClInclude Include="MyselfCollisionComponent.h">
      <Filter>MainScene\CollisionComponent\MyselfCollisionComponent</Filter>
    </ClInclude>
    <ClInclude Include="HNumberDraw.h">
      <Filter>Helper\HNumberDraw</Filter>
    </ClInclude>
    <ClInclude Include="LinearRotateComponent.h">
      <Filter>MainScene\LinearRotateComponent</Filter>
    </ClInclude>
    <ClInclude Include="Enemy1CollisionComponent.h">
      <Filter>MainScene\CollisionComponent\Enemy1CollisionComponent</Filter>
    </ClInclude>
    <ClInclude Include="EnemyHealthComponent.h">
      <Filter>MainScene\EnemyHealthComponent</Filter>
    </ClInclude>
    <ClInclude Include="DrawDeathEffectComponent.h">
      <Filter>MainScene\MainSceneDrawComponent\DrawDeathEffectComponent</Filter>
    </ClInclude>
    <ClInclude Include="Matrix4x4.h">
      <Filter>Engine\Math</Filter>
    </ClInclude>
    <ClInclude Include="Vector2.h">
      <Filter>Engine\Math</Filter>
    </ClInclude>
    <ClInclude Include="Vector3.h">
      <Filter>Engine\Math</Filter>
    </ClInclude>
    <ClInclude Include="Vector4.h">
      <Filter>Engine\Math</Filter>
    </ClInclude>
    <ClInclude Include="MathMacro.h">
      <Filter>Engine\Math</Filter>
    </ClInclude>
    <ClInclude Include="Math.h">
      <Filter>Engine\Math</Filter>
    </ClInclude>
    <ClInclude Include="LayerManager.h">
      <Filter>MainScene\LayerManager</Filter>
    </ClInclude>
    <ClInclude Include="ScoreManager.h">
      <Filter>MainScene\ScoreManager</Filter>
    </ClInclude>
    <ClInclude Include="EnemyWaveManager.h">
      <Filter>MainScene\EnemyWaveManager</Filter>
    </ClInclude>
    <ClInclude Include="EnemyWaveBase.h">
      <Filter>MainScene\EnemyWaveBase</Filter>
    </ClInclude>
    <ClInclude Include="EnemyWave1.h">
      <Filter>MainScene\EnemyWaveBase\EnemyWave1</Filter>
    </ClInclude>
    <ClInclude Include="Enemy1MoveComponent.h">
      <Filter>MainScene\Enemy1MoveComponent</Filter>
    </ClInclude>
    <ClInclude Include="MyselfAngleComponent.h">
      <Filter>MainScene\MyselfAngleComponent</Filter>
    </ClInclude>
    <ClInclude Include="MyselfConditionBase.h">
      <Filter>MainScene\MyselfConditionBase</Filter>
    </ClInclude>
    <ClInclude Include="MyselfNormalCondition.h">
      <Filter>MainScene\MyselfConditionBase\MyselfNormalCondition</Filter>
    </ClInclude>
    <ClInclude Include="MyselfRevivingCondition.h">
      <Filter>MainScene\MyselfConditionBase\MyselfRevivingPosState</Filter>
    </ClInclude>
    <ClInclude Include="EnemyWave2.h">
      <Filter>MainScene\EnemyWaveBase\EnemyWave2</Filter>
    </ClInclude>
    <ClInclude Include="Enemy3MoveComponent.h">
      <Filter>MainScene\Enemy3MoveComponent</Filter>
    </ClInclude>
    <ClInclude Include="EnemyWave3.h">
      <Filter>MainScene\EnemyWaveBase\EnemyWave3</Filter>
    </ClInclude>
    <ClInclude Include="Enemy3CollisionComponent.h">
      <Filter>MainScene\CollisionComponent\Enemy3CollisionComponent</Filter>
    </ClInclude>
    <ClInclude Include="MyBulletCollisionComponent.h">
      <Filter>MainScene\CollisionComponent\MyBulletCollisionComponent</Filter>
    </ClInclude>
    <ClInclude Include="NormalShootComponent.h">
      <Filter>MainScene\NormalShootComponent</Filter>
    </ClInclude>
    <ClInclude Include="NormalBulletCollisionComponent.h">
      <Filter>MainScene\CollisionComponent\NormalBulletCollisionComponent</Filter>
    </ClInclude>
    <ClInclude Include="DrawHealthBarComponent.h">
      <Filter>MainScene\MainSceneDrawComponent\DrawHealthBarComponent</Filter>
    </ClInclude>
    <ClInclude Include="Enemy5MoveComponent.h">
      <Filter>MainScene\Enemy5MoveComponent</Filter>
    </ClInclude>
    <ClInclude Include="Enemy5ShootComponent.h">
      <Filter>MainScene\Enemy5ShootComponent</Filter>
    </ClInclude>
    <ClInclude Include="EnemyWave45.h">
      <Filter>MainScene\EnemyWaveBase\EnemyWave45</Filter>
    </ClInclude>
    <ClInclude Include="DrawAnimationComponent.h">
      <Filter>MainScene\MainSceneDrawComponent\DrawAnimationComponent</Filter>
    </ClInclude>
    <ClInclude Include="Enemy4BehaviorComponent.h">
      <Filter>MainScene\CollisionComponent\Enemy4BehaviorComponent</Filter>
    </ClInclude>
    <ClInclude Include="DrawLazerComponent.h">
      <Filter>MainScene\MainSceneDrawComponent\DrawLazerComponent</Filter>
    </ClInclude>
    <ClInclude Include="PolygonGeometry.h">
      <Filter>MainScene\ICollisionGeometry\PolygonGeometry</Filter>
    </ClInclude>
    <ClInclude Include="CupsuleGeometry.h">
      <Filter>MainScene\ICollisionGeometry\CupsuleGeometry</Filter>
    </ClInclude>
    <ClInclude Include="LazerCollisionComponent.h">
      <Filter>MainScene\CollisionComponent\LazerCollisionComponent</Filter>
    </ClInclude>
    <ClInclude Include="HUIButton.h">
      <Filter>Helper\HUIButton</Filter>
    </ClInclude>
    <ClInclude Include="PauseUIScreen.h">
      <Filter>MainScene\PauseUIScreen</Filter>
    </ClInclude>
    <ClInclude Include="HBetapaint.h">
      <Filter>Helper\HBetapaint</Filter>
    </ClInclude>
    <ClInclude Include="TransGradUIScreen.h">
      <Filter>MainScene\TransGradUIScreen</Filter>
    </ClInclude>
    <ClInclude Include="DrawBoss1Component.h">
      <Filter>MainScene\MainSceneDrawComponent\DrawBoss1Component</Filter>
    </ClInclude>
    <ClInclude Include="Boss1MediatorComponent.h">
      <Filter>MainScene\Boss1MediatorComponent</Filter>
    </ClInclude>
    <ClInclude Include="Boss1StateBase.h">
      <Filter>MainScene\Boss1StateBase</Filter>
    </ClInclude>
    <ClInclude Include="Boss1StateEntering.h">
      <Filter>MainScene\Boss1StateBase\Boss1StateEntering</Filter>
    </ClInclude>
    <ClInclude Include="EnemyWaveBoss1.h">
      <Filter>MainScene\EnemyWaveBase\EnemyWaveBoss1</Filter>
    </ClInclude>
  </ItemGroup>
  <ItemGroup>
    <None Include="Shader\DrawHealthBarComponent_header.hlsli">
      <Filter>MainScene\MainSceneDrawComponent\DrawHealthBarComponent</Filter>
    </None>
    <None Include="Shader\DrawAnimationComponent_header.hlsli">
      <Filter>MainScene\MainSceneDrawComponent\DrawAnimationComponent</Filter>
    </None>
    <None Include="Shader\DrawDeathEffectComponent_header.hlsli">
      <Filter>MainScene\MainSceneDrawComponent\DrawDeathEffectComponent</Filter>
    </None>
    <None Include="Shader\DrawLazerComponent_header.hlsli">
      <Filter>MainScene\MainSceneDrawComponent\DrawLazerComponent</Filter>
    </None>
    <None Include="Shader\DrawNormalBulletComponentHeader.hlsli">
      <Filter>MainScene\MainSceneDrawComponent\DrawNormalBulletComponent</Filter>
    </None>
    <None Include="Shader\HDrawLineFrameHeader.hlsli">
      <Filter>Helper\HDrawLineFrame</Filter>
    </None>
    <None Include="Shader\HNumberDraw_header.hlsli">
      <Filter>Helper\HNumberDraw</Filter>
    </None>
    <None Include="Shader\HTextureAlphaRotateDrawHeader.hlsli">
      <Filter>Helper\HTextureAlphaRotateDraw</Filter>
    </None>
    <None Include="Shader\HTextureDrawInclude.hlsli">
      <Filter>Helper\HTextureDraw</Filter>
    </None>
    <None Include="Shader\MainSceneBasicLayerHeader.hlsli">
      <Filter>MainScene\MainSceneBaseLayer\MainSceneBasicLayer</Filter>
    </None>
    <None Include="Shader\HBetapaint_header.hlsli">
      <Filter>Helper\HBetapaint</Filter>
    </None>
  </ItemGroup>
  <ItemGroup>
    <FxCompile Include="Shader\DrawHealthBarComponent_vertex.hlsl">
      <Filter>MainScene\MainSceneDrawComponent\DrawHealthBarComponent</Filter>
    </FxCompile>
    <FxCompile Include="Shader\DrawHealthBarComponent_pixel.hlsl">
      <Filter>MainScene\MainSceneDrawComponent\DrawHealthBarComponent</Filter>
    </FxCompile>
    <FxCompile Include="Shader\DrawAnimationComponent_vertex.hlsl">
      <Filter>MainScene\MainSceneDrawComponent\DrawAnimationComponent</Filter>
    </FxCompile>
    <FxCompile Include="Shader\DrawAnimationComponent_pixel.hlsl">
      <Filter>MainScene\MainSceneDrawComponent\DrawAnimationComponent</Filter>
    </FxCompile>
    <FxCompile Include="Shader\DrawDeathEffectComponent_vertex.hlsl">
      <Filter>MainScene\MainSceneDrawComponent\DrawDeathEffectComponent</Filter>
    </FxCompile>
    <FxCompile Include="Shader\DrawDeathEffectComponent_pixel.hlsl">
      <Filter>MainScene\MainSceneDrawComponent\DrawDeathEffectComponent</Filter>
    </FxCompile>
    <FxCompile Include="Shader\DrawLazerComponent_vertex.hlsl">
      <Filter>MainScene\MainSceneDrawComponent\DrawLazerComponent</Filter>
    </FxCompile>
    <FxCompile Include="Shader\DrawLazerComponent_pixel.hlsl">
      <Filter>MainScene\MainSceneDrawComponent\DrawLazerComponent</Filter>
    </FxCompile>
    <FxCompile Include="Shader\DrawNormalBulletComponentVertexShader.hlsl">
      <Filter>MainScene\MainSceneDrawComponent\DrawNormalBulletComponent</Filter>
    </FxCompile>
    <FxCompile Include="Shader\DrawNormalBulletComponentPixelShader.hlsl">
      <Filter>MainScene\MainSceneDrawComponent\DrawNormalBulletComponent</Filter>
    </FxCompile>
    <FxCompile Include="Shader\HDrawLineFrameVertexShader.hlsl">
      <Filter>Helper\HDrawLineFrame</Filter>
    </FxCompile>
    <FxCompile Include="Shader\HDrawLineFramePixelShader.hlsl">
      <Filter>Helper\HDrawLineFrame</Filter>
    </FxCompile>
    <FxCompile Include="Shader\HNumberDraw_vertex.hlsl">
      <Filter>Helper\HNumberDraw</Filter>
    </FxCompile>
    <FxCompile Include="Shader\HNumberDraw_pixel.hlsl">
      <Filter>Helper\HNumberDraw</Filter>
    </FxCompile>
    <FxCompile Include="Shader\HTextureAlphaRotateDrawVertexShader.hlsl">
      <Filter>Helper\HTextureAlphaRotateDraw</Filter>
    </FxCompile>
    <FxCompile Include="Shader\HTextureAlphaRotateDrawPixelShader.hlsl">
      <Filter>Helper\HTextureAlphaRotateDraw</Filter>
    </FxCompile>
    <FxCompile Include="Shader\HTextureDrawVertexShader.hlsl">
      <Filter>Helper\HTextureDraw</Filter>
    </FxCompile>
    <FxCompile Include="Shader\HTextureDrawPixelShader.hlsl">
      <Filter>Helper\HTextureDraw</Filter>
    </FxCompile>
    <FxCompile Include="Shader\MainSceneBasicLayerVertexShader.hlsl">
      <Filter>MainScene\MainSceneBaseLayer\MainSceneBasicLayer</Filter>
    </FxCompile>
    <FxCompile Include="Shader\MainSceneBasicLayerPixelShader.hlsl">
      <Filter>MainScene\MainSceneBaseLayer\MainSceneBasicLayer</Filter>
    </FxCompile>
    <FxCompile Include="Shader\HBetapaint_pixel.hlsl">
      <Filter>Helper\HBetapaint</Filter>
    </FxCompile>
    <FxCompile Include="Shader\HBetapaint_vertex.hlsl">
      <Filter>Helper\HBetapaint</Filter>
    </FxCompile>
  </ItemGroup>
  <ItemGroup>
    <Text Include="CollisionTags.txt" />
  </ItemGroup>
</Project>