<?xml version="1.0" encoding="utf-8"?>
<Project ToolsVersion="4.0" xmlns="http://schemas.microsoft.com/developer/msbuild/2003">
  <ItemGroup>
    <Filter Include="Engine">
      <UniqueIdentifier>{a83b7c34-a22b-4e5e-8f7f-2f76bb561b36}</UniqueIdentifier>
    </Filter>
    <Filter Include="Engine\DX12">
      <UniqueIdentifier>{0db50ac1-b0a8-4d6b-95e7-9c579b47c06c}</UniqueIdentifier>
    </Filter>
    <Filter Include="Engine\Math">
      <UniqueIdentifier>{a69bc711-297e-4efe-9420-0740e923aa22}</UniqueIdentifier>
    </Filter>
    <Filter Include="TitleScene">
      <UniqueIdentifier>{b7484c34-30cf-4d53-8c93-0ad77a4722a2}</UniqueIdentifier>
    </Filter>
    <Filter Include="TitleScene\TitleScene">
      <UniqueIdentifier>{d00c6a6d-050b-4ecd-9a70-aa8091efa5e0}</UniqueIdentifier>
    </Filter>
    <Filter Include="TitleScene\TitleUIScreen">
      <UniqueIdentifier>{c92a5600-1b89-4dfa-a508-ffb81a2b0b77}</UniqueIdentifier>
    </Filter>
    <Filter Include="MainScene">
      <UniqueIdentifier>{51a0e4e1-2227-437b-9958-0e6cabb1a780}</UniqueIdentifier>
    </Filter>
    <Filter Include="MainScene\MainScene">
      <UniqueIdentifier>{c73684a9-3c80-4173-9652-f989fcf3de3f}</UniqueIdentifier>
    </Filter>
    <Filter Include="MainScene\MainSceneBaseLayer">
      <UniqueIdentifier>{77a5e622-f244-441a-a38e-2e2ef80d6849}</UniqueIdentifier>
    </Filter>
    <Filter Include="Helper">
      <UniqueIdentifier>{79a135d6-f49b-4a7b-9cd7-ab8a494261b3}</UniqueIdentifier>
    </Filter>
    <Filter Include="Helper\HTextureDraw">
      <UniqueIdentifier>{40210d86-4baa-484e-98f8-98a793727b31}</UniqueIdentifier>
    </Filter>
    <Filter Include="Helper\HDrawLineFrame">
      <UniqueIdentifier>{a1e43c4f-96fe-49c0-b138-6ca6ede8e688}</UniqueIdentifier>
    </Filter>
    <Filter Include="Helper\HTextureAlphaRotateDraw">
      <UniqueIdentifier>{23d15d32-8b94-453c-bcee-036772bbaa80}</UniqueIdentifier>
    </Filter>
    <Filter Include="MainScene\MainSceneUIScreen">
      <UniqueIdentifier>{dfb53f11-bea0-4e83-9d87-83c7cb5b6809}</UniqueIdentifier>
    </Filter>
    <Filter Include="MainScene\MyselfPosAndAngleComponent">
      <UniqueIdentifier>{f9e22681-427b-4292-ab66-85de6e5cae57}</UniqueIdentifier>
    </Filter>
    <Filter Include="MainScene\MyselfMediatorComponent">
      <UniqueIdentifier>{255faa76-3831-4638-ab09-889acfa3fa8b}</UniqueIdentifier>
    </Filter>
    <Filter Include="MainScene\MainSceneBaseLayer\MainSceneBasicLayer">
      <UniqueIdentifier>{d72ee825-47d4-4220-9acf-cc7c6264d75d}</UniqueIdentifier>
    </Filter>
    <Filter Include="MainScene\MainSceneDrawComponent">
      <UniqueIdentifier>{d42c5b5a-a76d-4aeb-a6d6-7cc564cf0041}</UniqueIdentifier>
    </Filter>
    <Filter Include="MainScene\MainSceneDrawComponent\DrawNormalBulletComponent">
      <UniqueIdentifier>{6757a606-d03f-4dd8-8b91-85564bdee6e1}</UniqueIdentifier>
    </Filter>
    <Filter Include="MainScene\MainSceneDrawComponent\DrawTextureComponent">
      <UniqueIdentifier>{dd14e352-9c7e-4549-b141-b55ca47562a8}</UniqueIdentifier>
    </Filter>
    <Filter Include="MainScene\LinearMoveComponent">
      <UniqueIdentifier>{6c6e3c23-888d-42a7-9983-e941dedd998c}</UniqueIdentifier>
    </Filter>
    <Filter Include="MainScene\CollisionManager">
      <UniqueIdentifier>{2b1a1f60-bd3e-4526-8079-8660d20a3cb4}</UniqueIdentifier>
    </Filter>
    <Filter Include="MainScene\CollisionComponent">
      <UniqueIdentifier>{f50efe72-71cc-47c8-b922-b9351d8ffcd7}</UniqueIdentifier>
    </Filter>
    <Filter Include="MainScene\ICollisionGeometry">
      <UniqueIdentifier>{980d7cdc-dd77-4cb1-80bd-886c3ae6c5d3}</UniqueIdentifier>
    </Filter>
    <Filter Include="MainScene\ICollisionGeometry\CircleGeometry">
      <UniqueIdentifier>{519fe704-e855-4ccf-9c39-450cf9d87d67}</UniqueIdentifier>
    </Filter>
    <Filter Include="MainScene\MyselfAddNormalBulletComponent">
      <UniqueIdentifier>{1b0d6389-e5d3-487e-9c27-8fcb6317f41a}</UniqueIdentifier>
    </Filter>
    <Filter Include="MainScene\CollisionComponent\MyselfCollisionComponent">
      <UniqueIdentifier>{8d4a2bcc-41a3-4945-bcaf-e3a91f6697ab}</UniqueIdentifier>
    </Filter>
    <Filter Include="Helper\HNumberDraw">
      <UniqueIdentifier>{5aafbd12-8ca9-405b-ab16-c35530c6d481}</UniqueIdentifier>
    </Filter>
    <Filter Include="MainScene\LinearRotateComponent">
      <UniqueIdentifier>{77147f20-87a8-4304-b4ff-b3717aacd559}</UniqueIdentifier>
    </Filter>
    <Filter Include="MainScene\CollisionComponent\Enemy1CollisionComponent">
      <UniqueIdentifier>{0e409ff0-f1f1-4a67-8194-ae0e2efba72b}</UniqueIdentifier>
    </Filter>
    <Filter Include="MainScene\EnemyHealthComponent">
      <UniqueIdentifier>{e168a6cc-f142-4383-9573-920e2b2fd08d}</UniqueIdentifier>
    </Filter>
    <Filter Include="MainScene\TimerComponent">
      <UniqueIdentifier>{52f96d29-1727-4908-be9b-b3c8b590ebde}</UniqueIdentifier>
    </Filter>
    <Filter Include="MainScene\MainSceneDrawComponent\DrawDeathEffectComponent">
      <UniqueIdentifier>{72d61745-d3e2-4062-a710-d545b38eda8b}</UniqueIdentifier>
    </Filter>
    <Filter Include="MainScene\CollisionComponent\BulletCollisionComponent">
      <UniqueIdentifier>{e47263de-357c-4f8e-9782-dc6dee019436}</UniqueIdentifier>
    </Filter>
    <Filter Include="MainScene\LayerManager">
      <UniqueIdentifier>{57b17c4a-3ae0-4af6-895d-63badbf30272}</UniqueIdentifier>
    </Filter>
    <Filter Include="MainScene\ScoreManager">
      <UniqueIdentifier>{2be2d8f4-4f2f-4e2b-975c-bd9e2f5952ba}</UniqueIdentifier>
    </Filter>
    <Filter Include="MainScene\EnemyWaveManager">
      <UniqueIdentifier>{cf2ef5b2-84d5-43a9-bedb-54c996de4704}</UniqueIdentifier>
    </Filter>
    <Filter Include="MainScene\EnemyWaveBase">
      <UniqueIdentifier>{b63a714d-1efc-4b60-b92a-0c1cd7863ffa}</UniqueIdentifier>
    </Filter>
    <Filter Include="MainScene\EnemyWaveBase\EnemyWave1">
      <UniqueIdentifier>{5e9df286-bbe7-4778-8806-93f483fa455f}</UniqueIdentifier>
    </Filter>
    <Filter Include="MainScene\Enemy1MoveComponent">
      <UniqueIdentifier>{523a6666-e795-442e-ac16-f3b324907507}</UniqueIdentifier>
    </Filter>
  </ItemGroup>
  <ItemGroup>
    <ClCompile Include="main.cpp" />
    <ClCompile Include="stdafx.cpp" />
    <ClCompile Include="UIScreen.cpp">
      <Filter>Engine</Filter>
    </ClCompile>
    <ClCompile Include="InputSystem.cpp">
      <Filter>Engine</Filter>
    </ClCompile>
    <ClCompile Include="Scene.cpp">
      <Filter>Engine</Filter>
    </ClCompile>
    <ClCompile Include="GameObjectHandle.cpp">
      <Filter>Engine</Filter>
    </ClCompile>
    <ClCompile Include="Log.cpp">
      <Filter>Engine</Filter>
    </ClCompile>
    <ClCompile Include="TextureManager.cpp">
      <Filter>Engine</Filter>
    </ClCompile>
    <ClCompile Include="window.cpp">
      <Filter>Engine</Filter>
    </ClCompile>
    <ClCompile Include="Component.cpp">
      <Filter>Engine</Filter>
    </ClCompile>
    <ClCompile Include="ShaderManager.cpp">
      <Filter>Engine</Filter>
    </ClCompile>
    <ClCompile Include="GameObject.cpp">
      <Filter>Engine</Filter>
    </ClCompile>
    <ClCompile Include="Game.cpp">
      <Filter>Engine</Filter>
    </ClCompile>
    <ClCompile Include="Layer.cpp">
      <Filter>Engine</Filter>
    </ClCompile>
    <ClCompile Include="DX12.cpp">
      <Filter>Engine\DX12</Filter>
    </ClCompile>
    <ClCompile Include="DX12CmdList.cpp">
      <Filter>Engine\DX12</Filter>
    </ClCompile>
    <ClCompile Include="DX12DescriptorHeap.cpp">
      <Filter>Engine\DX12</Filter>
    </ClCompile>
    <ClCompile Include="DX12GraphicsPipeline.cpp">
      <Filter>Engine\DX12</Filter>
    </ClCompile>
    <ClCompile Include="DX12Pimple.cpp">
      <Filter>Engine\DX12</Filter>
    </ClCompile>
    <ClCompile Include="DX12Resource.cpp">
      <Filter>Engine\DX12</Filter>
    </ClCompile>
    <ClCompile Include="DX12RootSignature.cpp">
      <Filter>Engine\DX12</Filter>
    </ClCompile>
    <ClCompile Include="DX12ShaderObject.cpp">
      <Filter>Engine\DX12</Filter>
    </ClCompile>
    <ClCompile Include="DX12SwapChain.cpp">
      <Filter>Engine\DX12</Filter>
    </ClCompile>
    <ClCompile Include="MatVec.cpp">
      <Filter>Engine\Math</Filter>
    </ClCompile>
    <ClCompile Include="Rect2.cpp">
      <Filter>Engine\Math</Filter>
    </ClCompile>
    <ClCompile Include="HTextureDraw.cpp">
      <Filter>Helper\HTextureDraw</Filter>
    </ClCompile>
    <ClCompile Include="HDrawLineFrame.cpp">
      <Filter>Helper\HDrawLineFrame</Filter>
    </ClCompile>
    <ClCompile Include="TitleScene.cpp">
      <Filter>TitleScene\TitleScene</Filter>
    </ClCompile>
    <ClCompile Include="TitleUIScreen.cpp">
      <Filter>TitleScene\TitleUIScreen</Filter>
    </ClCompile>
    <ClCompile Include="MainScene.cpp">
      <Filter>MainScene\MainScene</Filter>
    </ClCompile>
    <ClCompile Include="MainSceneBaseLayer.cpp">
      <Filter>MainScene\MainSceneBaseLayer</Filter>
    </ClCompile>
    <ClCompile Include="MainSceneBasicLayer.cpp">
      <Filter>MainScene\MainSceneBaseLayer\MainSceneBasicLayer</Filter>
    </ClCompile>
    <ClCompile Include="MainSceneDrawComponent.cpp">
      <Filter>MainScene\MainSceneDrawComponent</Filter>
    </ClCompile>
    <ClCompile Include="HTextureAlphaRotateDraw.cpp">
      <Filter>Helper\HTextureAlphaRotateDraw</Filter>
    </ClCompile>
    <ClCompile Include="DrawTextureComponent.cpp">
      <Filter>MainScene\MainSceneDrawComponent\DrawTextureComponent</Filter>
    </ClCompile>
    <ClCompile Include="MainSceneUIScreen.cpp">
      <Filter>MainScene\MainSceneUIScreen</Filter>
    </ClCompile>
    <ClCompile Include="MyselfPosAndAngleComponent.cpp">
      <Filter>MainScene\MyselfPosAndAngleComponent</Filter>
    </ClCompile>
    <ClCompile Include="MyselfMediatorComponent.cpp">
      <Filter>MainScene\MyselfMediatorComponent</Filter>
    </ClCompile>
    <ClCompile Include="DrawNormalBulletComponent.cpp">
      <Filter>MainScene\MainSceneDrawComponent\DrawNormalBulletComponent</Filter>
    </ClCompile>
    <ClCompile Include="LinearMoveComponent.cpp">
      <Filter>MainScene\LinearMoveComponent</Filter>
    </ClCompile>
    <ClCompile Include="CollisionManager.cpp">
      <Filter>MainScene\CollisionManager</Filter>
    </ClCompile>
    <ClCompile Include="CollisionComponent.cpp">
      <Filter>MainScene\CollisionComponent</Filter>
    </ClCompile>
    <ClCompile Include="CircleGeometry.cpp">
      <Filter>MainScene\ICollisionGeometry\CircleGeometry</Filter>
    </ClCompile>
    <ClCompile Include="MyselfAddNormalBulletComponent.cpp">
      <Filter>MainScene\MyselfAddNormalBulletComponent</Filter>
    </ClCompile>
    <ClCompile Include="MyselfCollisionComponent.cpp">
      <Filter>MainScene\CollisionComponent\MyselfCollisionComponent</Filter>
    </ClCompile>
    <ClCompile Include="HNumberDraw.cpp">
      <Filter>Helper\HNumberDraw</Filter>
    </ClCompile>
    <ClCompile Include="LinearRotateComponent.cpp">
      <Filter>MainScene\LinearRotateComponent</Filter>
    </ClCompile>
    <ClCompile Include="Enemy1CollisionComponent.cpp">
      <Filter>MainScene\CollisionComponent\Enemy1CollisionComponent</Filter>
    </ClCompile>
    <ClCompile Include="EnemyHealthComponent.cpp">
      <Filter>MainScene\EnemyHealthComponent</Filter>
    </ClCompile>
    <ClCompile Include="TimerComponent.cpp">
      <Filter>MainScene\TimerComponent</Filter>
    </ClCompile>
    <ClCompile Include="DrawDeathEffectComponent.cpp">
      <Filter>MainScene\MainSceneDrawComponent\DrawDeathEffectComponent</Filter>
    </ClCompile>
    <ClCompile Include="BulletCollisionComponent.cpp">
      <Filter>MainScene\CollisionComponent\BulletCollisionComponent</Filter>
    </ClCompile>
    <ClCompile Include="Matrix4x4.cpp">
      <Filter>Engine\Math</Filter>
    </ClCompile>
    <ClCompile Include="Vector2.cpp">
      <Filter>Engine\Math</Filter>
    </ClCompile>
    <ClCompile Include="Vector3.cpp">
      <Filter>Engine\Math</Filter>
    </ClCompile>
    <ClCompile Include="Vector4.cpp">
      <Filter>Engine\Math</Filter>
    </ClCompile>
    <ClCompile Include="LayerManager.cpp">
      <Filter>MainScene\LayerManager</Filter>
    </ClCompile>
    <ClCompile Include="ScoreManager.cpp">
      <Filter>MainScene\ScoreManager</Filter>
    </ClCompile>
    <ClCompile Include="EnemyWaveManager.cpp">
      <Filter>MainScene\EnemyWaveManager</Filter>
    </ClCompile>
    <ClCompile Include="EnemyWaveBase.cpp">
      <Filter>MainScene\EnemyWaveBase</Filter>
    </ClCompile>
    <ClCompile Include="EnemyWave1.cpp">
      <Filter>MainScene\EnemyWaveBase\EnemyWave1</Filter>
    </ClCompile>
    <ClCompile Include="Enemy1MoveComponent.cpp">
      <Filter>MainScene\Enemy1MoveComponent</Filter>
    </ClCompile>
  </ItemGroup>
  <ItemGroup>
    <ClInclude Include="stdafx.h" />
    <ClInclude Include="InputSystem.h">
      <Filter>Engine</Filter>
    </ClInclude>
    <ClInclude Include="UIScreen.h">
      <Filter>Engine</Filter>
    </ClInclude>
    <ClInclude Include="Scene.h">
      <Filter>Engine</Filter>
    </ClInclude>
    <ClInclude Include="window.h">
      <Filter>Engine</Filter>
    </ClInclude>
    <ClInclude Include="GameObjectHandle.h">
      <Filter>Engine</Filter>
    </ClInclude>
    <ClInclude Include="TextureManager.h">
      <Filter>Engine</Filter>
    </ClInclude>
    <ClInclude Include="Log.h">
      <Filter>Engine</Filter>
    </ClInclude>
    <ClInclude Include="Component.h">
      <Filter>Engine</Filter>
    </ClInclude>
    <ClInclude Include="ComponentHandle.h">
      <Filter>Engine</Filter>
    </ClInclude>
    <ClInclude Include="Layer.h">
      <Filter>Engine</Filter>
    </ClInclude>
    <ClInclude Include="LayerHandle.h">
      <Filter>Engine</Filter>
    </ClInclude>
    <ClInclude Include="ShaderManager.h">
      <Filter>Engine</Filter>
    </ClInclude>
    <ClInclude Include="GameObject.h">
      <Filter>Engine</Filter>
    </ClInclude>
    <ClInclude Include="Game.h">
      <Filter>Engine</Filter>
    </ClInclude>
    <ClInclude Include="DX12.h">
      <Filter>Engine\DX12</Filter>
    </ClInclude>
    <ClInclude Include="DX12CommonInclude.h">
      <Filter>Engine\DX12</Filter>
    </ClInclude>
    <ClInclude Include="DX12ConfigEnums.h">
      <Filter>Engine\DX12</Filter>
    </ClInclude>
    <ClInclude Include="DX12DescriptorHeap.h">
      <Filter>Engine\DX12</Filter>
    </ClInclude>
    <ClInclude Include="DX12GraphicsPipeline.h">
      <Filter>Engine\DX12</Filter>
    </ClInclude>
    <ClInclude Include="DX12Pimple.h">
      <Filter>Engine\DX12</Filter>
    </ClInclude>
    <ClInclude Include="DX12Resource.h">
      <Filter>Engine\DX12</Filter>
    </ClInclude>
    <ClInclude Include="DX12RootParameter.h">
      <Filter>Engine\DX12</Filter>
    </ClInclude>
    <ClInclude Include="DX12RootSignature.h">
      <Filter>Engine\DX12</Filter>
    </ClInclude>
    <ClInclude Include="DX12ShaderObject.h">
      <Filter>Engine\DX12</Filter>
    </ClInclude>
    <ClInclude Include="DX12SwapChain.h">
      <Filter>Engine\DX12</Filter>
    </ClInclude>
    <ClInclude Include="DX12VertexLayoutUnit.h">
      <Filter>Engine\DX12</Filter>
    </ClInclude>
    <ClInclude Include="MatVec.h">
      <Filter>Engine\Math</Filter>
    </ClInclude>
    <ClInclude Include="Rect2.h">
      <Filter>Engine\Math</Filter>
    </ClInclude>
    <ClInclude Include="HTextureDraw.h">
      <Filter>Helper\HTextureDraw</Filter>
    </ClInclude>
    <ClInclude Include="HDrawLineFrame.h">
      <Filter>Helper\HDrawLineFrame</Filter>
    </ClInclude>
    <ClInclude Include="TitleScene.h">
      <Filter>TitleScene\TitleScene</Filter>
    </ClInclude>
    <ClInclude Include="TitleUIScreen.h">
      <Filter>TitleScene\TitleUIScreen</Filter>
    </ClInclude>
    <ClInclude Include="MainScene.h">
      <Filter>MainScene\MainScene</Filter>
    </ClInclude>
    <ClInclude Include="MainSceneBaseLayer.h">
      <Filter>MainScene\MainSceneBaseLayer</Filter>
    </ClInclude>
    <ClInclude Include="MainSceneBasicLayer.h">
      <Filter>MainScene\MainSceneBaseLayer\MainSceneBasicLayer</Filter>
    </ClInclude>
    <ClInclude Include="MainSceneDrawComponent.h">
      <Filter>MainScene\MainSceneDrawComponent</Filter>
    </ClInclude>
    <ClInclude Include="HTextureAlphaRotateDraw.h">
      <Filter>Helper\HTextureAlphaRotateDraw</Filter>
    </ClInclude>
    <ClInclude Include="DrawTextureComponent.h">
      <Filter>MainScene\MainSceneDrawComponent\DrawTextureComponent</Filter>
    </ClInclude>
    <ClInclude Include="MainSceneUIScreen.h">
      <Filter>MainScene\MainSceneUIScreen</Filter>
    </ClInclude>
    <ClInclude Include="MyselfPosAndAngleComponent.h">
      <Filter>MainScene\MyselfPosAndAngleComponent</Filter>
    </ClInclude>
    <ClInclude Include="MyselfMediatorComponent.h">
      <Filter>MainScene\MyselfMediatorComponent</Filter>
    </ClInclude>
    <ClInclude Include="DrawNormalBulletComponent.h">
      <Filter>MainScene\MainSceneDrawComponent\DrawNormalBulletComponent</Filter>
    </ClInclude>
    <ClInclude Include="LinearMoveComponent.h">
      <Filter>MainScene\LinearMoveComponent</Filter>
    </ClInclude>
    <ClInclude Include="CollisionManager.h">
      <Filter>MainScene\CollisionManager</Filter>
    </ClInclude>
    <ClInclude Include="CollisionComponent.h">
      <Filter>MainScene\CollisionComponent</Filter>
    </ClInclude>
    <ClInclude Include="ICollisionGeometry.h">
      <Filter>MainScene\ICollisionGeometry</Filter>
    </ClInclude>
    <ClInclude Include="CircleGeometry.h">
      <Filter>MainScene\ICollisionGeometry\CircleGeometry</Filter>
    </ClInclude>
    <ClInclude Include="MyselfAddNormalBulletComponent.h">
      <Filter>MainScene\MyselfAddNormalBulletComponent</Filter>
    </ClInclude>
    <ClInclude Include="MyselfCollisionComponent.h">
      <Filter>MainScene\CollisionComponent\MyselfCollisionComponent</Filter>
    </ClInclude>
    <ClInclude Include="HNumberDraw.h">
      <Filter>Helper\HNumberDraw</Filter>
    </ClInclude>
    <ClInclude Include="LinearRotateComponent.h">
      <Filter>MainScene\LinearRotateComponent</Filter>
    </ClInclude>
    <ClInclude Include="Enemy1CollisionComponent.h">
      <Filter>MainScene\CollisionComponent\Enemy1CollisionComponent</Filter>
    </ClInclude>
    <ClInclude Include="EnemyHealthComponent.h">
      <Filter>MainScene\EnemyHealthComponent</Filter>
    </ClInclude>
    <ClInclude Include="TimerComponent.h">
      <Filter>MainScene\TimerComponent</Filter>
    </ClInclude>
    <ClInclude Include="DrawDeathEffectComponent.h">
      <Filter>MainScene\MainSceneDrawComponent\DrawDeathEffectComponent</Filter>
    </ClInclude>
    <ClInclude Include="BulletCollisionComponent.h">
      <Filter>MainScene\CollisionComponent\BulletCollisionComponent</Filter>
    </ClInclude>
    <ClInclude Include="Matrix4x4.h">
      <Filter>Engine\Math</Filter>
    </ClInclude>
    <ClInclude Include="Vector2.h">
      <Filter>Engine\Math</Filter>
    </ClInclude>
    <ClInclude Include="Vector3.h">
      <Filter>Engine\Math</Filter>
    </ClInclude>
    <ClInclude Include="Vector4.h">
      <Filter>Engine\Math</Filter>
    </ClInclude>
    <ClInclude Include="MathMacro.h">
      <Filter>Engine\Math</Filter>
    </ClInclude>
    <ClInclude Include="Math.h">
      <Filter>Engine\Math</Filter>
    </ClInclude>
    <ClInclude Include="LayerManager.h">
      <Filter>MainScene\LayerManager</Filter>
    </ClInclude>
    <ClInclude Include="ScoreManager.h">
      <Filter>MainScene\ScoreManager</Filter>
    </ClInclude>
    <ClInclude Include="EnemyWaveManager.h">
      <Filter>MainScene\EnemyWaveManager</Filter>
    </ClInclude>
    <ClInclude Include="EnemyWaveBase.h">
      <Filter>MainScene\EnemyWaveBase</Filter>
    </ClInclude>
    <ClInclude Include="EnemyWave1.h">
      <Filter>MainScene\EnemyWaveBase\EnemyWave1</Filter>
    </ClInclude>
    <ClInclude Include="Enemy1MoveComponent.h">
      <Filter>MainScene\Enemy1MoveComponent</Filter>
    </ClInclude>
  </ItemGroup>
  <ItemGroup>
    <None Include="HTextureDrawInclude.hlsli">
      <Filter>Helper\HTextureDraw</Filter>
    </None>
    <None Include="MainSceneBasicLayerHeader.hlsli">
      <Filter>MainScene\MainSceneBaseLayer\MainSceneBasicLayer</Filter>
    </None>
    <None Include="HTextureAlphaRotateDrawHeader.hlsli">
      <Filter>Helper\HTextureAlphaRotateDraw</Filter>
    </None>
    <None Include="DrawNormalBulletComponentHeader.hlsli">
      <Filter>MainScene\MainSceneDrawComponent\DrawNormalBulletComponent</Filter>
    </None>
    <None Include="HNumberDraw_header.hlsli">
      <Filter>Helper\HNumberDraw</Filter>
    </None>
    <None Include="DrawDeathEffectComponent_header.hlsli">
      <Filter>MainScene\MainSceneDrawComponent\DrawDeathEffectComponent</Filter>
    </None>
  </ItemGroup>
  <ItemGroup>
    <FxCompile Include="HTextureDrawPixelShader.hlsl">
      <Filter>Helper\HTextureDraw</Filter>
    </FxCompile>
    <FxCompile Include="HTextureDrawVertexShader.hlsl">
      <Filter>Helper\HTextureDraw</Filter>
    </FxCompile>
    <FxCompile Include="HDrawLineFrameVertexShader.hlsl">
      <Filter>Helper\HDrawLineFrame</Filter>
    </FxCompile>
    <FxCompile Include="HDrawLineFramePixelShader.hlsl">
      <Filter>Helper\HDrawLineFrame</Filter>
    </FxCompile>
    <FxCompile Include="MainSceneBasicLayerPixelShader.hlsl">
      <Filter>MainScene\MainSceneBaseLayer\MainSceneBasicLayer</Filter>
    </FxCompile>
    <FxCompile Include="MainSceneBasicLayerVertexShader.hlsl">
      <Filter>MainScene\MainSceneBaseLayer\MainSceneBasicLayer</Filter>
    </FxCompile>
    <FxCompile Include="HTextureAlphaRotateDrawPixelShader.hlsl">
      <Filter>Helper\HTextureAlphaRotateDraw</Filter>
    </FxCompile>
    <FxCompile Include="HTextureAlphaRotateDrawVertexShader.hlsl">
      <Filter>Helper\HTextureAlphaRotateDraw</Filter>
    </FxCompile>
    <FxCompile Include="DrawNormalBulletComponentVertexShader.hlsl">
      <Filter>MainScene\MainSceneDrawComponent\DrawNormalBulletComponent</Filter>
    </FxCompile>
    <FxCompile Include="DrawNormalBulletComponentPixelShader.hlsl">
      <Filter>MainScene\MainSceneDrawComponent\DrawNormalBulletComponent</Filter>
    </FxCompile>
    <FxCompile Include="HNumberDraw_vertex.hlsl">
      <Filter>Helper\HNumberDraw</Filter>
    </FxCompile>
    <FxCompile Include="HNumberDraw_pixel.hlsl">
      <Filter>Helper\HNumberDraw</Filter>
    </FxCompile>
    <FxCompile Include="DrawDeathEffectComponent_pixel.hlsl">
      <Filter>MainScene\MainSceneDrawComponent\DrawDeathEffectComponent</Filter>
    </FxCompile>
    <FxCompile Include="DrawDeathEffectComponent_vertex.hlsl">
      <Filter>MainScene\MainSceneDrawComponent\DrawDeathEffectComponent</Filter>
    </FxCompile>
  </ItemGroup>
  <ItemGroup>
    <Text Include="CollisionTags.txt" />
  </ItemGroup>
</Project>