<?xml version="1.0" encoding="utf-8"?>
<Project ToolsVersion="4.0" xmlns="http://schemas.microsoft.com/developer/msbuild/2003">
  <ItemGroup>
    <Filter Include="Engine">
      <UniqueIdentifier>{a83b7c34-a22b-4e5e-8f7f-2f76bb561b36}</UniqueIdentifier>
    </Filter>
    <Filter Include="Engine\DX12">
      <UniqueIdentifier>{0db50ac1-b0a8-4d6b-95e7-9c579b47c06c}</UniqueIdentifier>
    </Filter>
    <Filter Include="Engine\Math">
      <UniqueIdentifier>{a69bc711-297e-4efe-9420-0740e923aa22}</UniqueIdentifier>
    </Filter>
    <Filter Include="TitleScene">
      <UniqueIdentifier>{b7484c34-30cf-4d53-8c93-0ad77a4722a2}</UniqueIdentifier>
    </Filter>
    <Filter Include="TitleScene\TitleScene">
      <UniqueIdentifier>{d00c6a6d-050b-4ecd-9a70-aa8091efa5e0}</UniqueIdentifier>
    </Filter>
    <Filter Include="TitleScene\TitleUIScreen">
      <UniqueIdentifier>{c92a5600-1b89-4dfa-a508-ffb81a2b0b77}</UniqueIdentifier>
    </Filter>
    <Filter Include="MainScene">
      <UniqueIdentifier>{51a0e4e1-2227-437b-9958-0e6cabb1a780}</UniqueIdentifier>
    </Filter>
    <Filter Include="MainScene\MainScene">
      <UniqueIdentifier>{c73684a9-3c80-4173-9652-f989fcf3de3f}</UniqueIdentifier>
    </Filter>
    <Filter Include="MainScene\MainSceneBaseLayer">
      <UniqueIdentifier>{77a5e622-f244-441a-a38e-2e2ef80d6849}</UniqueIdentifier>
    </Filter>
    <Filter Include="Helper">
      <UniqueIdentifier>{79a135d6-f49b-4a7b-9cd7-ab8a494261b3}</UniqueIdentifier>
    </Filter>
    <Filter Include="Helper\HTextureDraw">
      <UniqueIdentifier>{40210d86-4baa-484e-98f8-98a793727b31}</UniqueIdentifier>
    </Filter>
    <Filter Include="Helper\HDrawLineFrame">
      <UniqueIdentifier>{a1e43c4f-96fe-49c0-b138-6ca6ede8e688}</UniqueIdentifier>
    </Filter>
    <Filter Include="Helper\HTextureAlphaRotateDraw">
      <UniqueIdentifier>{23d15d32-8b94-453c-bcee-036772bbaa80}</UniqueIdentifier>
    </Filter>
    <Filter Include="MainScene\MainSceneUIScreen">
      <UniqueIdentifier>{dfb53f11-bea0-4e83-9d87-83c7cb5b6809}</UniqueIdentifier>
    </Filter>
    <Filter Include="MainScene\MyselfPosAndAngleComponent">
      <UniqueIdentifier>{f9e22681-427b-4292-ab66-85de6e5cae57}</UniqueIdentifier>
    </Filter>
    <Filter Include="MainScene\MyselfMediatorComponent">
      <UniqueIdentifier>{255faa76-3831-4638-ab09-889acfa3fa8b}</UniqueIdentifier>
    </Filter>
    <Filter Include="MainScene\MainSceneBaseLayer\MainSceneBasicLayer">
      <UniqueIdentifier>{d72ee825-47d4-4220-9acf-cc7c6264d75d}</UniqueIdentifier>
    </Filter>
    <Filter Include="MainScene\MainSceneDrawComponent">
      <UniqueIdentifier>{d42c5b5a-a76d-4aeb-a6d6-7cc564cf0041}</UniqueIdentifier>
    </Filter>
    <Filter Include="MainScene\MainSceneDrawComponent\DrawNormalBulletComponent">
      <UniqueIdentifier>{6757a606-d03f-4dd8-8b91-85564bdee6e1}</UniqueIdentifier>
    </Filter>
    <Filter Include="MainScene\MainSceneDrawComponent\DrawTextureComponent">
      <UniqueIdentifier>{dd14e352-9c7e-4549-b141-b55ca47562a8}</UniqueIdentifier>
    </Filter>
    <Filter Include="MainScene\LinearMoveComponent">
      <UniqueIdentifier>{6c6e3c23-888d-42a7-9983-e941dedd998c}</UniqueIdentifier>
    </Filter>
  </ItemGroup>
  <ItemGroup>
    <ClCompile Include="main.cpp" />
    <ClCompile Include="stdafx.cpp" />
    <ClCompile Include="UIScreen.cpp">
      <Filter>Engine</Filter>
    </ClCompile>
    <ClCompile Include="InputSystem.cpp">
      <Filter>Engine</Filter>
    </ClCompile>
    <ClCompile Include="Scene.cpp">
      <Filter>Engine</Filter>
    </ClCompile>
    <ClCompile Include="GameObjectHandle.cpp">
      <Filter>Engine</Filter>
    </ClCompile>
    <ClCompile Include="Log.cpp">
      <Filter>Engine</Filter>
    </ClCompile>
    <ClCompile Include="TextureManager.cpp">
      <Filter>Engine</Filter>
    </ClCompile>
    <ClCompile Include="window.cpp">
      <Filter>Engine</Filter>
    </ClCompile>
    <ClCompile Include="Component.cpp">
      <Filter>Engine</Filter>
    </ClCompile>
    <ClCompile Include="ShaderManager.cpp">
      <Filter>Engine</Filter>
    </ClCompile>
    <ClCompile Include="GameObject.cpp">
      <Filter>Engine</Filter>
    </ClCompile>
    <ClCompile Include="Game.cpp">
      <Filter>Engine</Filter>
    </ClCompile>
    <ClCompile Include="Layer.cpp">
      <Filter>Engine</Filter>
    </ClCompile>
    <ClCompile Include="DX12.cpp">
      <Filter>Engine\DX12</Filter>
    </ClCompile>
    <ClCompile Include="DX12CmdList.cpp">
      <Filter>Engine\DX12</Filter>
    </ClCompile>
    <ClCompile Include="DX12DescriptorHeap.cpp">
      <Filter>Engine\DX12</Filter>
    </ClCompile>
    <ClCompile Include="DX12GraphicsPipeline.cpp">
      <Filter>Engine\DX12</Filter>
    </ClCompile>
    <ClCompile Include="DX12Pimple.cpp">
      <Filter>Engine\DX12</Filter>
    </ClCompile>
    <ClCompile Include="DX12Resource.cpp">
      <Filter>Engine\DX12</Filter>
    </ClCompile>
    <ClCompile Include="DX12RootSignature.cpp">
      <Filter>Engine\DX12</Filter>
    </ClCompile>
    <ClCompile Include="DX12ShaderObject.cpp">
      <Filter>Engine\DX12</Filter>
    </ClCompile>
    <ClCompile Include="DX12SwapChain.cpp">
      <Filter>Engine\DX12</Filter>
    </ClCompile>
    <ClCompile Include="MatVec.cpp">
      <Filter>Engine\Math</Filter>
    </ClCompile>
    <ClCompile Include="Rect2.cpp">
      <Filter>Engine\Math</Filter>
    </ClCompile>
    <ClCompile Include="HTextureDraw.cpp">
      <Filter>Helper\HTextureDraw</Filter>
    </ClCompile>
    <ClCompile Include="HDrawLineFrame.cpp">
      <Filter>Helper\HDrawLineFrame</Filter>
    </ClCompile>
    <ClCompile Include="TitleScene.cpp">
      <Filter>TitleScene\TitleScene</Filter>
    </ClCompile>
    <ClCompile Include="TitleUIScreen.cpp">
      <Filter>TitleScene\TitleUIScreen</Filter>
    </ClCompile>
    <ClCompile Include="MainScene.cpp">
      <Filter>MainScene\MainScene</Filter>
    </ClCompile>
    <ClCompile Include="MainSceneBaseLayer.cpp">
      <Filter>MainScene\MainSceneBaseLayer</Filter>
    </ClCompile>
    <ClCompile Include="MainSceneBasicLayer.cpp">
      <Filter>MainScene\MainSceneBaseLayer\MainSceneBasicLayer</Filter>
    </ClCompile>
    <ClCompile Include="MainSceneDrawComponent.cpp">
      <Filter>MainScene\MainSceneDrawComponent</Filter>
    </ClCompile>
    <ClCompile Include="HTextureAlphaRotateDraw.cpp">
      <Filter>Helper\HTextureAlphaRotateDraw</Filter>
    </ClCompile>
    <ClCompile Include="DrawTextureComponent.cpp">
      <Filter>MainScene\MainSceneDrawComponent\DrawTextureComponent</Filter>
    </ClCompile>
    <ClCompile Include="MainSceneUIScreen.cpp">
      <Filter>MainScene\MainSceneUIScreen</Filter>
    </ClCompile>
    <ClCompile Include="MyselfPosAndAngleComponent.cpp">
      <Filter>MainScene\MyselfPosAndAngleComponent</Filter>
    </ClCompile>
    <ClCompile Include="MyselfMediatorComponent.cpp">
      <Filter>MainScene\MyselfMediatorComponent</Filter>
    </ClCompile>
    <ClCompile Include="DrawNormalBulletComponent.cpp">
      <Filter>MainScene\MainSceneDrawComponent\DrawNormalBulletComponent</Filter>
    </ClCompile>
    <ClCompile Include="LinearMoveComponent.cpp">
      <Filter>MainScene\LinearMoveComponent</Filter>
    </ClCompile>
    <ClCompile Include="MyselfAddNormalBulletComponent.cpp" />
  </ItemGroup>
  <ItemGroup>
    <ClInclude Include="stdafx.h" />
    <ClInclude Include="InputSystem.h">
      <Filter>Engine</Filter>
    </ClInclude>
    <ClInclude Include="UIScreen.h">
      <Filter>Engine</Filter>
    </ClInclude>
    <ClInclude Include="Scene.h">
      <Filter>Engine</Filter>
    </ClInclude>
    <ClInclude Include="window.h">
      <Filter>Engine</Filter>
    </ClInclude>
    <ClInclude Include="GameObjectHandle.h">
      <Filter>Engine</Filter>
    </ClInclude>
    <ClInclude Include="TextureManager.h">
      <Filter>Engine</Filter>
    </ClInclude>
    <ClInclude Include="Log.h">
      <Filter>Engine</Filter>
    </ClInclude>
    <ClInclude Include="Component.h">
      <Filter>Engine</Filter>
    </ClInclude>
    <ClInclude Include="ComponentHandle.h">
      <Filter>Engine</Filter>
    </ClInclude>
    <ClInclude Include="Layer.h">
      <Filter>Engine</Filter>
    </ClInclude>
    <ClInclude Include="LayerHandle.h">
      <Filter>Engine</Filter>
    </ClInclude>
    <ClInclude Include="ShaderManager.h">
      <Filter>Engine</Filter>
    </ClInclude>
    <ClInclude Include="GameObject.h">
      <Filter>Engine</Filter>
    </ClInclude>
    <ClInclude Include="Game.h">
      <Filter>Engine</Filter>
    </ClInclude>
    <ClInclude Include="DX12.h">
      <Filter>Engine\DX12</Filter>
    </ClInclude>
    <ClInclude Include="DX12CommonInclude.h">
      <Filter>Engine\DX12</Filter>
    </ClInclude>
    <ClInclude Include="DX12ConfigEnums.h">
      <Filter>Engine\DX12</Filter>
    </ClInclude>
    <ClInclude Include="DX12DescriptorHeap.h">
      <Filter>Engine\DX12</Filter>
    </ClInclude>
    <ClInclude Include="DX12GraphicsPipeline.h">
      <Filter>Engine\DX12</Filter>
    </ClInclude>
    <ClInclude Include="DX12Pimple.h">
      <Filter>Engine\DX12</Filter>
    </ClInclude>
    <ClInclude Include="DX12Resource.h">
      <Filter>Engine\DX12</Filter>
    </ClInclude>
    <ClInclude Include="DX12RootParameter.h">
      <Filter>Engine\DX12</Filter>
    </ClInclude>
    <ClInclude Include="DX12RootSignature.h">
      <Filter>Engine\DX12</Filter>
    </ClInclude>
    <ClInclude Include="DX12ShaderObject.h">
      <Filter>Engine\DX12</Filter>
    </ClInclude>
    <ClInclude Include="DX12SwapChain.h">
      <Filter>Engine\DX12</Filter>
    </ClInclude>
    <ClInclude Include="DX12VertexLayoutUnit.h">
      <Filter>Engine\DX12</Filter>
    </ClInclude>
    <ClInclude Include="Math.h">
      <Filter>Engine\Math</Filter>
    </ClInclude>
    <ClInclude Include="MatVec.h">
      <Filter>Engine\Math</Filter>
    </ClInclude>
    <ClInclude Include="Rect2.h">
      <Filter>Engine\Math</Filter>
    </ClInclude>
    <ClInclude Include="HTextureDraw.h">
      <Filter>Helper\HTextureDraw</Filter>
    </ClInclude>
    <ClInclude Include="HDrawLineFrame.h">
      <Filter>Helper\HDrawLineFrame</Filter>
    </ClInclude>
    <ClInclude Include="TitleScene.h">
      <Filter>TitleScene\TitleScene</Filter>
    </ClInclude>
    <ClInclude Include="TitleUIScreen.h">
      <Filter>TitleScene\TitleUIScreen</Filter>
    </ClInclude>
    <ClInclude Include="MainScene.h">
      <Filter>MainScene\MainScene</Filter>
    </ClInclude>
    <ClInclude Include="MainSceneBaseLayer.h">
      <Filter>MainScene\MainSceneBaseLayer</Filter>
    </ClInclude>
    <ClInclude Include="MainSceneBasicLayer.h">
      <Filter>MainScene\MainSceneBaseLayer\MainSceneBasicLayer</Filter>
    </ClInclude>
    <ClInclude Include="MainSceneDrawComponent.h">
      <Filter>MainScene\MainSceneDrawComponent</Filter>
    </ClInclude>
    <ClInclude Include="HTextureAlphaRotateDraw.h">
      <Filter>Helper\HTextureAlphaRotateDraw</Filter>
    </ClInclude>
    <ClInclude Include="DrawTextureComponent.h">
      <Filter>MainScene\MainSceneDrawComponent\DrawTextureComponent</Filter>
    </ClInclude>
    <ClInclude Include="MainSceneUIScreen.h">
      <Filter>MainScene\MainSceneUIScreen</Filter>
    </ClInclude>
    <ClInclude Include="MyselfPosAndAngleComponent.h">
      <Filter>MainScene\MyselfPosAndAngleComponent</Filter>
    </ClInclude>
    <ClInclude Include="MyselfMediatorComponent.h">
      <Filter>MainScene\MyselfMediatorComponent</Filter>
    </ClInclude>
    <ClInclude Include="DrawNormalBulletComponent.h">
      <Filter>MainScene\MainSceneDrawComponent\DrawNormalBulletComponent</Filter>
    </ClInclude>
    <ClInclude Include="LinearMoveComponent.h">
      <Filter>MainScene\LinearMoveComponent</Filter>
    </ClInclude>
    <ClInclude Include="MyselfAddNormalBulletComponent.h" />
  </ItemGroup>
  <ItemGroup>
    <None Include="HTextureDrawInclude.hlsli">
      <Filter>Helper\HTextureDraw</Filter>
    </None>
    <None Include="MainSceneBasicLayerHeader.hlsli">
      <Filter>MainScene\MainSceneBaseLayer\MainSceneBasicLayer</Filter>
    </None>
    <None Include="HTextureAlphaRotateDrawHeader.hlsli">
      <Filter>Helper\HTextureAlphaRotateDraw</Filter>
    </None>
    <None Include="DrawNormalBulletComponentHeader.hlsli">
      <Filter>MainScene\MainSceneDrawComponent\DrawNormalBulletComponent</Filter>
    </None>
  </ItemGroup>
  <ItemGroup>
    <FxCompile Include="HTextureDrawPixelShader.hlsl">
      <Filter>Helper\HTextureDraw</Filter>
    </FxCompile>
    <FxCompile Include="HTextureDrawVertexShader.hlsl">
      <Filter>Helper\HTextureDraw</Filter>
    </FxCompile>
    <FxCompile Include="HDrawLineFrameVertexShader.hlsl">
      <Filter>Helper\HDrawLineFrame</Filter>
    </FxCompile>
    <FxCompile Include="HDrawLineFramePixelShader.hlsl">
      <Filter>Helper\HDrawLineFrame</Filter>
    </FxCompile>
    <FxCompile Include="MainSceneBasicLayerPixelShader.hlsl">
      <Filter>MainScene\MainSceneBaseLayer\MainSceneBasicLayer</Filter>
    </FxCompile>
    <FxCompile Include="MainSceneBasicLayerVertexShader.hlsl">
      <Filter>MainScene\MainSceneBaseLayer\MainSceneBasicLayer</Filter>
    </FxCompile>
    <FxCompile Include="HTextureAlphaRotateDrawPixelShader.hlsl">
      <Filter>Helper\HTextureAlphaRotateDraw</Filter>
    </FxCompile>
    <FxCompile Include="HTextureAlphaRotateDrawVertexShader.hlsl">
      <Filter>Helper\HTextureAlphaRotateDraw</Filter>
    </FxCompile>
    <FxCompile Include="DrawNormalBulletComponentVertexShader.hlsl">
      <Filter>MainScene\MainSceneDrawComponent\DrawNormalBulletComponent</Filter>
    </FxCompile>
    <FxCompile Include="DrawNormalBulletComponentPixelShader.hlsl">
      <Filter>MainScene\MainSceneDrawComponent\DrawNormalBulletComponent</Filter>
    </FxCompile>
  </ItemGroup>
</Project>